
Microsoft Visual Studio Solution File, Format Version 12.00
# Visual Studio 2012
Project("{FAE04EC0-301F-11D3-BF4B-00C04F79EFBC}") = "FlyCar.Android", "FlyCar.Android\FlyCar.Android.csproj", "{6F67A286-BABA-450F-9B4B-6E3E68CF8292}"
EndProject
Project("{FAE04EC0-301F-11D3-BF4B-00C04F79EFBC}") = "FlyCar.iOS", "FlyCar.iOS\FlyCar.iOS.csproj", "{510D82BD-4E4E-44B6-B261-F918ECC36F1F}"
EndProject
Project("{FAE04EC0-301F-11D3-BF4B-00C04F79EFBC}") = "FlyCar", "FlyCar\FlyCar.csproj", "{A95239AA-C655-4778-A74C-2C146E20D1AA}"
EndProject
Global
	GlobalSection(SolutionConfigurationPlatforms) = preSolution
		Debug|Any CPU = Debug|Any CPU
		Release|Any CPU = Release|Any CPU
		Debug|iPhoneSimulator = Debug|iPhoneSimulator
		Release|iPhoneSimulator = Release|iPhoneSimulator
		Debug|iPhone = Debug|iPhone
		Release|iPhone = Release|iPhone
		Ad-Hoc|iPhone = Ad-Hoc|iPhone
		AppStore|iPhone = AppStore|iPhone
	EndGlobalSection
	GlobalSection(ProjectConfigurationPlatforms) = postSolution
		{6F67A286-BABA-450F-9B4B-6E3E68CF8292}.Debug|Any CPU.ActiveCfg = Debug|Any CPU
		{6F67A286-BABA-450F-9B4B-6E3E68CF8292}.Debug|Any CPU.Build.0 = Debug|Any CPU
		{6F67A286-BABA-450F-9B4B-6E3E68CF8292}.Release|Any CPU.ActiveCfg = Release|Any CPU
		{6F67A286-BABA-450F-9B4B-6E3E68CF8292}.Release|Any CPU.Build.0 = Release|Any CPU
		{6F67A286-BABA-450F-9B4B-6E3E68CF8292}.Debug|iPhoneSimulator.ActiveCfg = Debug|Any CPU
		{6F67A286-BABA-450F-9B4B-6E3E68CF8292}.Debug|iPhoneSimulator.Build.0 = Debug|Any CPU
		{6F67A286-BABA-450F-9B4B-6E3E68CF8292}.Release|iPhoneSimulator.ActiveCfg = Release|Any CPU
		{6F67A286-BABA-450F-9B4B-6E3E68CF8292}.Release|iPhoneSimulator.Build.0 = Release|Any CPU
		{6F67A286-BABA-450F-9B4B-6E3E68CF8292}.Debug|iPhone.ActiveCfg = Debug|Any CPU
		{6F67A286-BABA-450F-9B4B-6E3E68CF8292}.Debug|iPhone.Build.0 = Debug|Any CPU
		{6F67A286-BABA-450F-9B4B-6E3E68CF8292}.Release|iPhone.ActiveCfg = Release|Any CPU
		{6F67A286-BABA-450F-9B4B-6E3E68CF8292}.Release|iPhone.Build.0 = Release|Any CPU
		{6F67A286-BABA-450F-9B4B-6E3E68CF8292}.Ad-Hoc|iPhone.ActiveCfg = Debug|Any CPU
		{6F67A286-BABA-450F-9B4B-6E3E68CF8292}.Ad-Hoc|iPhone.Build.0 = Debug|Any CPU
		{6F67A286-BABA-450F-9B4B-6E3E68CF8292}.AppStore|iPhone.ActiveCfg = Debug|Any CPU
		{6F67A286-BABA-450F-9B4B-6E3E68CF8292}.AppStore|iPhone.Build.0 = Debug|Any CPU
		{510D82BD-4E4E-44B6-B261-F918ECC36F1F}.Debug|Any CPU.ActiveCfg = Debug|iPhoneSimulator
		{510D82BD-4E4E-44B6-B261-F918ECC36F1F}.Debug|Any CPU.Build.0 = Debug|iPhoneSimulator
		{510D82BD-4E4E-44B6-B261-F918ECC36F1F}.Release|Any CPU.ActiveCfg = Release|iPhoneSimulator
		{510D82BD-4E4E-44B6-B261-F918ECC36F1F}.Release|Any CPU.Build.0 = Release|iPhoneSimulator
		{510D82BD-4E4E-44B6-B261-F918ECC36F1F}.Debug|iPhoneSimulator.ActiveCfg = Debug|iPhoneSimulator
		{510D82BD-4E4E-44B6-B261-F918ECC36F1F}.Debug|iPhoneSimulator.Build.0 = Debug|iPhoneSimulator
		{510D82BD-4E4E-44B6-B261-F918ECC36F1F}.Release|iPhoneSimulator.ActiveCfg = Release|iPhoneSimulator
		{510D82BD-4E4E-44B6-B261-F918ECC36F1F}.Release|iPhoneSimulator.Build.0 = Release|iPhoneSimulator
		{510D82BD-4E4E-44B6-B261-F918ECC36F1F}.Debug|iPhone.ActiveCfg = Debug|iPhone
		{510D82BD-4E4E-44B6-B261-F918ECC36F1F}.Debug|iPhone.Build.0 = Debug|iPhone
		{510D82BD-4E4E-44B6-B261-F918ECC36F1F}.Release|iPhone.ActiveCfg = Release|iPhone
		{510D82BD-4E4E-44B6-B261-F918ECC36F1F}.Release|iPhone.Build.0 = Release|iPhone
		{510D82BD-4E4E-44B6-B261-F918ECC36F1F}.Ad-Hoc|iPhone.ActiveCfg = Ad-Hoc|iPhone
		{510D82BD-4E4E-44B6-B261-F918ECC36F1F}.Ad-Hoc|iPhone.Build.0 = Ad-Hoc|iPhone
		{510D82BD-4E4E-44B6-B261-F918ECC36F1F}.AppStore|iPhone.ActiveCfg = AppStore|iPhone
		{510D82BD-4E4E-44B6-B261-F918ECC36F1F}.AppStore|iPhone.Build.0 = AppStore|iPhone
		{A95239AA-C655-4778-A74C-2C146E20D1AA}.Debug|Any CPU.ActiveCfg = Debug|Any CPU
		{A95239AA-C655-4778-A74C-2C146E20D1AA}.Debug|Any CPU.Build.0 = Debug|Any CPU
		{A95239AA-C655-4778-A74C-2C146E20D1AA}.Release|Any CPU.ActiveCfg = Release|Any CPU
		{A95239AA-C655-4778-A74C-2C146E20D1AA}.Release|Any CPU.Build.0 = Release|Any CPU
		{A95239AA-C655-4778-A74C-2C146E20D1AA}.Debug|iPhoneSimulator.ActiveCfg = Debug|Any CPU
		{A95239AA-C655-4778-A74C-2C146E20D1AA}.Debug|iPhoneSimulator.Build.0 = Debug|Any CPU
		{A95239AA-C655-4778-A74C-2C146E20D1AA}.Release|iPhoneSimulator.ActiveCfg = Release|Any CPU
		{A95239AA-C655-4778-A74C-2C146E20D1AA}.Release|iPhoneSimulator.Build.0 = Release|Any CPU
		{A95239AA-C655-4778-A74C-2C146E20D1AA}.Debug|iPhone.ActiveCfg = Debug|Any CPU
		{A95239AA-C655-4778-A74C-2C146E20D1AA}.Debug|iPhone.Build.0 = Debug|Any CPU
		{A95239AA-C655-4778-A74C-2C146E20D1AA}.Release|iPhone.ActiveCfg = Release|Any CPU
		{A95239AA-C655-4778-A74C-2C146E20D1AA}.Release|iPhone.Build.0 = Release|Any CPU
		{A95239AA-C655-4778-A74C-2C146E20D1AA}.Ad-Hoc|iPhone.ActiveCfg = Debug|Any CPU
		{A95239AA-C655-4778-A74C-2C146E20D1AA}.Ad-Hoc|iPhone.Build.0 = Debug|Any CPU
		{A95239AA-C655-4778-A74C-2C146E20D1AA}.AppStore|iPhone.ActiveCfg = Debug|Any CPU
		{A95239AA-C655-4778-A74C-2C146E20D1AA}.AppStore|iPhone.Build.0 = Debug|Any CPU
	EndGlobalSection
EndGlobal
